
Microsoft Visual Studio Solution File, Format Version 12.00
# Visual Studio Version 17
VisualStudioVersion = 17.5.33516.290
MinimumVisualStudioVersion = 10.0.40219.1
Project("{FAE04EC0-301F-11D3-BF4B-00C04F79EFBC}") = "ORMDemo4", "ORMDemo4.csproj", "{CBEC98DD-43B6-4E8C-983D-FEA7C0CFCE05}"
EndProject
Global
	GlobalSection(SolutionConfigurationPlatforms) = preSolution
		Debug|Any CPU = Debug|Any CPU
		Release|Any CPU = Release|Any CPU
	EndGlobalSection
	GlobalSection(ProjectConfigurationPlatforms) = postSolution
		{CBEC98DD-43B6-4E8C-983D-FEA7C0CFCE05}.Debug|Any CPU.ActiveCfg = Debug|Any CPU
		{CBEC98DD-43B6-4E8C-983D-FEA7C0CFCE05}.Debug|Any CPU.Build.0 = Debug|Any CPU
		{CBEC98DD-43B6-4E8C-983D-FEA7C0CFCE05}.Release|Any CPU.ActiveCfg = Release|Any CPU
		{CBEC98DD-43B6-4E8C-983D-FEA7C0CFCE05}.Release|Any CPU.Build.0 = Release|Any CPU
	EndGlobalSection
	GlobalSection(SolutionProperties) = preSolution
		HideSolutionNode = FALSE
	EndGlobalSection
	GlobalSection(ExtensibilityGlobals) = postSolution
		SolutionGuid = {59829FBF-000E-4B20-A911-A2043F4C0ED1}
	EndGlobalSection
EndGlobal
