
Microsoft Visual Studio Solution File, Format Version 12.00
# Visual Studio Version 17
VisualStudioVersion = 17.5.33516.290
MinimumVisualStudioVersion = 10.0.40219.1
Project("{FAE04EC0-301F-11D3-BF4B-00C04F79EFBC}") = "DataGridAPI", "DataGridAPI.csproj", "{4EA69DD0-579E-4423-AE78-F58E741B783B}"
EndProject
Global
	GlobalSection(SolutionConfigurationPlatforms) = preSolution
		Debug|Any CPU = Debug|Any CPU
		Release|Any CPU = Release|Any CPU
	EndGlobalSection
	GlobalSection(ProjectConfigurationPlatforms) = postSolution
		{4EA69DD0-579E-4423-AE78-F58E741B783B}.Debug|Any CPU.ActiveCfg = Debug|Any CPU
		{4EA69DD0-579E-4423-AE78-F58E741B783B}.Debug|Any CPU.Build.0 = Debug|Any CPU
		{4EA69DD0-579E-4423-AE78-F58E741B783B}.Release|Any CPU.ActiveCfg = Release|Any CPU
		{4EA69DD0-579E-4423-AE78-F58E741B783B}.Release|Any CPU.Build.0 = Release|Any CPU
	EndGlobalSection
	GlobalSection(SolutionProperties) = preSolution
		HideSolutionNode = FALSE
	EndGlobalSection
	GlobalSection(ExtensibilityGlobals) = postSolution
		SolutionGuid = {E8C37E8C-91D9-4B1F-8DCC-4AE80344653A}
	EndGlobalSection
EndGlobal
