
Microsoft Visual Studio Solution File, Format Version 12.00
# Visual Studio Version 17
VisualStudioVersion = 17.5.33516.290
MinimumVisualStudioVersion = 10.0.40219.1
Project("{9A19103F-16F7-4668-BE54-9A1E7A4F7556}") = "DemoConsol", "DemoConsol.csproj", "{B20F7990-FA0E-4879-89E6-1E79F9521159}"
EndProject
Project("{9A19103F-16F7-4668-BE54-9A1E7A4F7556}") = "DemoAccess", "..\DemoAccess\DemoAccess.csproj", "{3D6831AD-B4C1-4C8E-A873-17EF5ACF5B0D}"
	ProjectSection(ProjectDependencies) = postProject
		{B20F7990-FA0E-4879-89E6-1E79F9521159} = {B20F7990-FA0E-4879-89E6-1E79F9521159}
	EndProjectSection
EndProject
Global
	GlobalSection(SolutionConfigurationPlatforms) = preSolution
		Debug|Any CPU = Debug|Any CPU
		Release|Any CPU = Release|Any CPU
	EndGlobalSection
	GlobalSection(ProjectConfigurationPlatforms) = postSolution
		{B20F7990-FA0E-4879-89E6-1E79F9521159}.Debug|Any CPU.ActiveCfg = Debug|Any CPU
		{B20F7990-FA0E-4879-89E6-1E79F9521159}.Debug|Any CPU.Build.0 = Debug|Any CPU
		{B20F7990-FA0E-4879-89E6-1E79F9521159}.Release|Any CPU.ActiveCfg = Release|Any CPU
		{B20F7990-FA0E-4879-89E6-1E79F9521159}.Release|Any CPU.Build.0 = Release|Any CPU
		{3D6831AD-B4C1-4C8E-A873-17EF5ACF5B0D}.Debug|Any CPU.ActiveCfg = Debug|Any CPU
		{3D6831AD-B4C1-4C8E-A873-17EF5ACF5B0D}.Debug|Any CPU.Build.0 = Debug|Any CPU
		{3D6831AD-B4C1-4C8E-A873-17EF5ACF5B0D}.Release|Any CPU.ActiveCfg = Release|Any CPU
		{3D6831AD-B4C1-4C8E-A873-17EF5ACF5B0D}.Release|Any CPU.Build.0 = Release|Any CPU
	EndGlobalSection
	GlobalSection(SolutionProperties) = preSolution
		HideSolutionNode = FALSE
	EndGlobalSection
	GlobalSection(ExtensibilityGlobals) = postSolution
		SolutionGuid = {9A82DED4-87FF-4F1F-B808-A7C44957774D}
	EndGlobalSection
EndGlobal
