
Microsoft Visual Studio Solution File, Format Version 12.00
# Visual Studio Version 17
VisualStudioVersion = 17.5.33516.290
MinimumVisualStudioVersion = 10.0.40219.1
Project("{FAE04EC0-301F-11D3-BF4B-00C04F79EFBC}") = "SecureNotes", "SecureNotes.csproj", "{EE409017-9ACF-4796-B217-9BACD7497FC5}"
EndProject
Global
	GlobalSection(SolutionConfigurationPlatforms) = preSolution
		Debug|Any CPU = Debug|Any CPU
		Release|Any CPU = Release|Any CPU
	EndGlobalSection
	GlobalSection(ProjectConfigurationPlatforms) = postSolution
		{EE409017-9ACF-4796-B217-9BACD7497FC5}.Debug|Any CPU.ActiveCfg = Debug|Any CPU
		{EE409017-9ACF-4796-B217-9BACD7497FC5}.Debug|Any CPU.Build.0 = Debug|Any CPU
		{EE409017-9ACF-4796-B217-9BACD7497FC5}.Release|Any CPU.ActiveCfg = Release|Any CPU
		{EE409017-9ACF-4796-B217-9BACD7497FC5}.Release|Any CPU.Build.0 = Release|Any CPU
	EndGlobalSection
	GlobalSection(SolutionProperties) = preSolution
		HideSolutionNode = FALSE
	EndGlobalSection
	GlobalSection(ExtensibilityGlobals) = postSolution
		SolutionGuid = {EF4509A4-069E-485C-8827-2A8115E3F8A4}
	EndGlobalSection
EndGlobal
