
Microsoft Visual Studio Solution File, Format Version 12.00
# Visual Studio Version 17
VisualStudioVersion = 17.5.33516.290
MinimumVisualStudioVersion = 10.0.40219.1
Project("{FAE04EC0-301F-11D3-BF4B-00C04F79EFBC}") = "TimeTable", "TimeTable.csproj", "{62E06176-E0B3-4E67-A5CD-D0E6C781B2AA}"
EndProject
Global
	GlobalSection(SolutionConfigurationPlatforms) = preSolution
		Debug|Any CPU = Debug|Any CPU
		Release|Any CPU = Release|Any CPU
	EndGlobalSection
	GlobalSection(ProjectConfigurationPlatforms) = postSolution
		{62E06176-E0B3-4E67-A5CD-D0E6C781B2AA}.Debug|Any CPU.ActiveCfg = Debug|Any CPU
		{62E06176-E0B3-4E67-A5CD-D0E6C781B2AA}.Debug|Any CPU.Build.0 = Debug|Any CPU
		{62E06176-E0B3-4E67-A5CD-D0E6C781B2AA}.Release|Any CPU.ActiveCfg = Release|Any CPU
		{62E06176-E0B3-4E67-A5CD-D0E6C781B2AA}.Release|Any CPU.Build.0 = Release|Any CPU
	EndGlobalSection
	GlobalSection(SolutionProperties) = preSolution
		HideSolutionNode = FALSE
	EndGlobalSection
	GlobalSection(ExtensibilityGlobals) = postSolution
		SolutionGuid = {0EE0EFAA-1D11-4BC6-A867-35B02FC47C62}
	EndGlobalSection
EndGlobal
